
Microsoft Visual Studio Solution File, Format Version 12.00
# Visual Studio Version 17
VisualStudioVersion = 17.0.32112.339
MinimumVisualStudioVersion = 10.0.40219.1
Project("{FAE04EC0-301F-11D3-BF4B-00C04F79EFBC}") = "ArrayDiff", "ArrayDiff\ArrayDiff.csproj", "{CC3FF790-6D72-4020-A6E6-ADD2CAB980A7}"
EndProject
Global
	GlobalSection(SolutionConfigurationPlatforms) = preSolution
		Debug|Any CPU = Debug|Any CPU
		Release|Any CPU = Release|Any CPU
	EndGlobalSection
	GlobalSection(ProjectConfigurationPlatforms) = postSolution
		{CC3FF790-6D72-4020-A6E6-ADD2CAB980A7}.Debug|Any CPU.ActiveCfg = Debug|Any CPU
		{CC3FF790-6D72-4020-A6E6-ADD2CAB980A7}.Debug|Any CPU.Build.0 = Debug|Any CPU
		{CC3FF790-6D72-4020-A6E6-ADD2CAB980A7}.Release|Any CPU.ActiveCfg = Release|Any CPU
		{CC3FF790-6D72-4020-A6E6-ADD2CAB980A7}.Release|Any CPU.Build.0 = Release|Any CPU
	EndGlobalSection
	GlobalSection(SolutionProperties) = preSolution
		HideSolutionNode = FALSE
	EndGlobalSection
	GlobalSection(ExtensibilityGlobals) = postSolution
		SolutionGuid = {0D71F80C-0FA6-4476-BF5C-2AA926212E97}
	EndGlobalSection
EndGlobal
